
Microsoft Visual Studio Solution File, Format Version 12.00
# Visual Studio Version 17
VisualStudioVersion = 17.6.33513.286
MinimumVisualStudioVersion = 10.0.40219.1
Project("{FAE04EC0-301F-11D3-BF4B-00C04F79EFBC}") = "StudentsandCoursesStudentExrecise", "StudentsandCoursesStudentExrecise.csproj", "{5EDE8E9B-6251-43CA-82E5-90BFC44DEB5F}"
EndProject
Global
	GlobalSection(SolutionConfigurationPlatforms) = preSolution
		Debug|Any CPU = Debug|Any CPU
		Release|Any CPU = Release|Any CPU
	EndGlobalSection
	GlobalSection(ProjectConfigurationPlatforms) = postSolution
		{5EDE8E9B-6251-43CA-82E5-90BFC44DEB5F}.Debug|Any CPU.ActiveCfg = Debug|Any CPU
		{5EDE8E9B-6251-43CA-82E5-90BFC44DEB5F}.Debug|Any CPU.Build.0 = Debug|Any CPU
		{5EDE8E9B-6251-43CA-82E5-90BFC44DEB5F}.Release|Any CPU.ActiveCfg = Release|Any CPU
		{5EDE8E9B-6251-43CA-82E5-90BFC44DEB5F}.Release|Any CPU.Build.0 = Release|Any CPU
	EndGlobalSection
	GlobalSection(SolutionProperties) = preSolution
		HideSolutionNode = FALSE
	EndGlobalSection
	GlobalSection(ExtensibilityGlobals) = postSolution
		SolutionGuid = {A397A2E3-3EFD-4CD3-9C4B-E268C2B2C3B3}
	EndGlobalSection
EndGlobal
